// !$*UTF8*$!
{
	archiveVersion = 1;
	classes = {
	};
	objectVersion = 56;
	objects = {

/* Begin PBXBuildFile section */
		CE5C01E42A462668006E8463 /* ColorPickerViewController.swift in Sources */ = {isa = PBXBuildFile; fileRef = CE5C01E32A462668006E8463 /* ColorPickerViewController.swift */; };
		CECA24842A3B9B1D002EE7B5 /* AppDelegate.swift in Sources */ = {isa = PBXBuildFile; fileRef = CECA24832A3B9B1D002EE7B5 /* AppDelegate.swift */; };
		CECA24862A3B9B1D002EE7B5 /* SceneDelegate.swift in Sources */ = {isa = PBXBuildFile; fileRef = CECA24852A3B9B1D002EE7B5 /* SceneDelegate.swift */; };
		CECA24882A3B9B1D002EE7B5 /* HomeViewController.swift in Sources */ = {isa = PBXBuildFile; fileRef = CECA24872A3B9B1D002EE7B5 /* HomeViewController.swift */; };
		CECA248D2A3B9B1E002EE7B5 /* Assets.xcassets in Resources */ = {isa = PBXBuildFile; fileRef = CECA248C2A3B9B1E002EE7B5 /* Assets.xcassets */; };
		CECA24902A3B9B1E002EE7B5 /* LaunchScreen.storyboard in Resources */ = {isa = PBXBuildFile; fileRef = CECA248E2A3B9B1E002EE7B5 /* LaunchScreen.storyboard */; };
		CECA24982A3BA378002EE7B5 /* TodoItem.swift in Sources */ = {isa = PBXBuildFile; fileRef = CECA24972A3BA378002EE7B5 /* TodoItem.swift */; };
		CECA249A2A3BE1A9002EE7B5 /* FileCache.swift in Sources */ = {isa = PBXBuildFile; fileRef = CECA24992A3BE1A9002EE7B5 /* FileCache.swift */; };
		CECA24A22A3BEC88002EE7B5 /* TodoItemCSVTests.swift in Sources */ = {isa = PBXBuildFile; fileRef = CECA24A12A3BEC88002EE7B5 /* TodoItemCSVTests.swift */; };
		CECA24A92A3D3BBF002EE7B5 /* TodoItemJSONTests.swift in Sources */ = {isa = PBXBuildFile; fileRef = CECA24A82A3D3BBF002EE7B5 /* TodoItemJSONTests.swift */; };
		CEDFC9522A45AF5200F8531B /* Colors.swift in Sources */ = {isa = PBXBuildFile; fileRef = CEDFC9512A45AF5200F8531B /* Colors.swift */; };
		CEDFC9542A45AF8800F8531B /* Images.swift in Sources */ = {isa = PBXBuildFile; fileRef = CEDFC9532A45AF8800F8531B /* Images.swift */; };
		CEDFC9562A45B0CF00F8531B /* TodoModalViewController.swift in Sources */ = {isa = PBXBuildFile; fileRef = CEDFC9552A45B0CF00F8531B /* TodoModalViewController.swift */; };
		CEDFC9582A45B12200F8531B /* ImportanceView.swift in Sources */ = {isa = PBXBuildFile; fileRef = CEDFC9572A45B12200F8531B /* ImportanceView.swift */; };
		CEDFC95A2A45B19400F8531B /* DeadlineView.swift in Sources */ = {isa = PBXBuildFile; fileRef = CEDFC9592A45B19400F8531B /* DeadlineView.swift */; };
		CEDFC95C2A45B1B600F8531B /* TodoViewModel.swift in Sources */ = {isa = PBXBuildFile; fileRef = CEDFC95B2A45B1B600F8531B /* TodoViewModel.swift */; };
		CEDFC95E2A45B27C00F8531B /* Date+Extension.swift in Sources */ = {isa = PBXBuildFile; fileRef = CEDFC95D2A45B27C00F8531B /* Date+Extension.swift */; };
		CEDFC9602A45B29100F8531B /* TodoViewModelProtocol.swift in Sources */ = {isa = PBXBuildFile; fileRef = CEDFC95F2A45B29100F8531B /* TodoViewModelProtocol.swift */; };
		CEDFC9622A45B2AE00F8531B /* FileCacheProtocol.swift in Sources */ = {isa = PBXBuildFile; fileRef = CEDFC9612A45B2AE00F8531B /* FileCacheProtocol.swift */; };
		CEDFC9642A45B46400F8531B /* FileCacheError.swift in Sources */ = {isa = PBXBuildFile; fileRef = CEDFC9632A45B46400F8531B /* FileCacheError.swift */; };
/* End PBXBuildFile section */

/* Begin PBXContainerItemProxy section */
		CECA24A32A3BEC88002EE7B5 /* PBXContainerItemProxy */ = {
			isa = PBXContainerItemProxy;
			containerPortal = CECA24782A3B9B1D002EE7B5 /* Project object */;
			proxyType = 1;
			remoteGlobalIDString = CECA247F2A3B9B1D002EE7B5;
			remoteInfo = ToDoList;
		};
/* End PBXContainerItemProxy section */

/* Begin PBXFileReference section */
		CE5C01E32A462668006E8463 /* ColorPickerViewController.swift */ = {isa = PBXFileReference; lastKnownFileType = sourcecode.swift; path = ColorPickerViewController.swift; sourceTree = "<group>"; };
		CECA24802A3B9B1D002EE7B5 /* ToDoList.app */ = {isa = PBXFileReference; explicitFileType = wrapper.application; includeInIndex = 0; path = ToDoList.app; sourceTree = BUILT_PRODUCTS_DIR; };
		CECA24832A3B9B1D002EE7B5 /* AppDelegate.swift */ = {isa = PBXFileReference; lastKnownFileType = sourcecode.swift; path = AppDelegate.swift; sourceTree = "<group>"; };
		CECA24852A3B9B1D002EE7B5 /* SceneDelegate.swift */ = {isa = PBXFileReference; lastKnownFileType = sourcecode.swift; path = SceneDelegate.swift; sourceTree = "<group>"; };
		CECA24872A3B9B1D002EE7B5 /* HomeViewController.swift */ = {isa = PBXFileReference; lastKnownFileType = sourcecode.swift; path = HomeViewController.swift; sourceTree = "<group>"; };
		CECA248C2A3B9B1E002EE7B5 /* Assets.xcassets */ = {isa = PBXFileReference; lastKnownFileType = folder.assetcatalog; path = Assets.xcassets; sourceTree = "<group>"; };
		CECA248F2A3B9B1E002EE7B5 /* Base */ = {isa = PBXFileReference; lastKnownFileType = file.storyboard; name = Base; path = Base.lproj/LaunchScreen.storyboard; sourceTree = "<group>"; };
		CECA24912A3B9B1E002EE7B5 /* Info.plist */ = {isa = PBXFileReference; lastKnownFileType = text.plist.xml; path = Info.plist; sourceTree = "<group>"; };
		CECA24972A3BA378002EE7B5 /* TodoItem.swift */ = {isa = PBXFileReference; lastKnownFileType = sourcecode.swift; path = TodoItem.swift; sourceTree = "<group>"; };
		CECA24992A3BE1A9002EE7B5 /* FileCache.swift */ = {isa = PBXFileReference; lastKnownFileType = sourcecode.swift; path = FileCache.swift; sourceTree = "<group>"; };
		CECA249F2A3BEC88002EE7B5 /* TodoItemTests.xctest */ = {isa = PBXFileReference; explicitFileType = wrapper.cfbundle; includeInIndex = 0; path = TodoItemTests.xctest; sourceTree = BUILT_PRODUCTS_DIR; };
		CECA24A12A3BEC88002EE7B5 /* TodoItemCSVTests.swift */ = {isa = PBXFileReference; lastKnownFileType = sourcecode.swift; path = TodoItemCSVTests.swift; sourceTree = "<group>"; };
		CECA24A82A3D3BBF002EE7B5 /* TodoItemJSONTests.swift */ = {isa = PBXFileReference; lastKnownFileType = sourcecode.swift; path = TodoItemJSONTests.swift; sourceTree = "<group>"; };
		CEDFC9512A45AF5200F8531B /* Colors.swift */ = {isa = PBXFileReference; lastKnownFileType = sourcecode.swift; path = Colors.swift; sourceTree = "<group>"; };
		CEDFC9532A45AF8800F8531B /* Images.swift */ = {isa = PBXFileReference; lastKnownFileType = sourcecode.swift; path = Images.swift; sourceTree = "<group>"; };
		CEDFC9552A45B0CF00F8531B /* TodoModalViewController.swift */ = {isa = PBXFileReference; lastKnownFileType = sourcecode.swift; path = TodoModalViewController.swift; sourceTree = "<group>"; };
		CEDFC9572A45B12200F8531B /* ImportanceView.swift */ = {isa = PBXFileReference; lastKnownFileType = sourcecode.swift; path = ImportanceView.swift; sourceTree = "<group>"; };
		CEDFC9592A45B19400F8531B /* DeadlineView.swift */ = {isa = PBXFileReference; lastKnownFileType = sourcecode.swift; path = DeadlineView.swift; sourceTree = "<group>"; };
		CEDFC95B2A45B1B600F8531B /* TodoViewModel.swift */ = {isa = PBXFileReference; lastKnownFileType = sourcecode.swift; path = TodoViewModel.swift; sourceTree = "<group>"; };
		CEDFC95D2A45B27C00F8531B /* Date+Extension.swift */ = {isa = PBXFileReference; lastKnownFileType = sourcecode.swift; path = "Date+Extension.swift"; sourceTree = "<group>"; };
		CEDFC95F2A45B29100F8531B /* TodoViewModelProtocol.swift */ = {isa = PBXFileReference; lastKnownFileType = sourcecode.swift; path = TodoViewModelProtocol.swift; sourceTree = "<group>"; };
		CEDFC9612A45B2AE00F8531B /* FileCacheProtocol.swift */ = {isa = PBXFileReference; lastKnownFileType = sourcecode.swift; path = FileCacheProtocol.swift; sourceTree = "<group>"; };
		CEDFC9632A45B46400F8531B /* FileCacheError.swift */ = {isa = PBXFileReference; lastKnownFileType = sourcecode.swift; path = FileCacheError.swift; sourceTree = "<group>"; };
/* End PBXFileReference section */

/* Begin PBXFrameworksBuildPhase section */
		CECA247D2A3B9B1D002EE7B5 /* Frameworks */ = {
			isa = PBXFrameworksBuildPhase;
			buildActionMask = 2147483647;
			files = (
			);
			runOnlyForDeploymentPostprocessing = 0;
		};
		CECA249C2A3BEC88002EE7B5 /* Frameworks */ = {
			isa = PBXFrameworksBuildPhase;
			buildActionMask = 2147483647;
			files = (
			);
			runOnlyForDeploymentPostprocessing = 0;
		};
/* End PBXFrameworksBuildPhase section */

/* Begin PBXGroup section */
		CE2B309D2A45D74500159A03 /* Extensions */ = {
			isa = PBXGroup;
			children = (
				CEDFC95D2A45B27C00F8531B /* Date+Extension.swift */,
			);
			path = Extensions;
			sourceTree = "<group>";
		};
		CE2B30A02A45D95F00159A03 /* Design Constants */ = {
			isa = PBXGroup;
			children = (
				CEDFC9532A45AF8800F8531B /* Images.swift */,
				CEDFC9512A45AF5200F8531B /* Colors.swift */,
			);
			path = "Design Constants";
			sourceTree = "<group>";
		};
		CE2B30A12A45D9FB00159A03 /* Views */ = {
			isa = PBXGroup;
			children = (
				CE2B30A22A45DA0500159A03 /* Home */,
				CE2B30A32A45DA0B00159A03 /* Modal */,
			);
			path = Views;
			sourceTree = "<group>";
		};
		CE2B30A22A45DA0500159A03 /* Home */ = {
			isa = PBXGroup;
			children = (
				CECA24872A3B9B1D002EE7B5 /* HomeViewController.swift */,
			);
			path = Home;
			sourceTree = "<group>";
		};
		CE2B30A32A45DA0B00159A03 /* Modal */ = {
			isa = PBXGroup;
			children = (
				CE2B30A72A45DAC600159A03 /* ViewModel */,
				CEDFC9592A45B19400F8531B /* DeadlineView.swift */,
				CEDFC9572A45B12200F8531B /* ImportanceView.swift */,
			);
			path = Modal;
			sourceTree = "<group>";
		};
		CE2B30A42A45DA5600159A03 /* Models */ = {
			isa = PBXGroup;
			children = (
				CECA24972A3BA378002EE7B5 /* TodoItem.swift */,
			);
			path = Models;
			sourceTree = "<group>";
		};
		CE2B30A52A45DA7F00159A03 /* Services */ = {
			isa = PBXGroup;
			children = (
				CE2B30A62A45DA8900159A03 /* FileCache */,
			);
			path = Services;
			sourceTree = "<group>";
		};
		CE2B30A62A45DA8900159A03 /* FileCache */ = {
			isa = PBXGroup;
			children = (
				CECA24992A3BE1A9002EE7B5 /* FileCache.swift */,
				CEDFC9632A45B46400F8531B /* FileCacheError.swift */,
				CEDFC9612A45B2AE00F8531B /* FileCacheProtocol.swift */,
			);
			path = FileCache;
			sourceTree = "<group>";
		};
		CE2B30A72A45DAC600159A03 /* ViewModel */ = {
			isa = PBXGroup;
			children = (
				CEDFC9552A45B0CF00F8531B /* TodoModalViewController.swift */,
				CE5C01E32A462668006E8463 /* ColorPickerViewController.swift */,
				CEDFC95B2A45B1B600F8531B /* TodoViewModel.swift */,
				CEDFC95F2A45B29100F8531B /* TodoViewModelProtocol.swift */,
			);
			path = ViewModel;
			sourceTree = "<group>";
		};
		CECA24772A3B9B1D002EE7B5 = {
			isa = PBXGroup;
			children = (
				CECA24822A3B9B1D002EE7B5 /* ToDoList */,
				CECA24A02A3BEC88002EE7B5 /* TodoItemTests */,
				CECA24812A3B9B1D002EE7B5 /* Products */,
			);
			sourceTree = "<group>";
		};
		CECA24812A3B9B1D002EE7B5 /* Products */ = {
			isa = PBXGroup;
			children = (
				CECA24802A3B9B1D002EE7B5 /* ToDoList.app */,
				CECA249F2A3BEC88002EE7B5 /* TodoItemTests.xctest */,
			);
			name = Products;
			sourceTree = "<group>";
		};
		CECA24822A3B9B1D002EE7B5 /* ToDoList */ = {
			isa = PBXGroup;
			children = (
				CECA24832A3B9B1D002EE7B5 /* AppDelegate.swift */,
				CECA24852A3B9B1D002EE7B5 /* SceneDelegate.swift */,
				CE2B30A52A45DA7F00159A03 /* Services */,
				CE2B30A42A45DA5600159A03 /* Models */,
				CE2B30A12A45D9FB00159A03 /* Views */,
				CE2B30A02A45D95F00159A03 /* Design Constants */,
				CE2B309D2A45D74500159A03 /* Extensions */,
				CECA248C2A3B9B1E002EE7B5 /* Assets.xcassets */,
				CECA248E2A3B9B1E002EE7B5 /* LaunchScreen.storyboard */,
				CECA24912A3B9B1E002EE7B5 /* Info.plist */,
			);
			path = ToDoList;
			sourceTree = "<group>";
		};
		CECA24A02A3BEC88002EE7B5 /* TodoItemTests */ = {
			isa = PBXGroup;
			children = (
				CECA24A12A3BEC88002EE7B5 /* TodoItemCSVTests.swift */,
				CECA24A82A3D3BBF002EE7B5 /* TodoItemJSONTests.swift */,
			);
			path = TodoItemTests;
			sourceTree = "<group>";
		};
/* End PBXGroup section */

/* Begin PBXNativeTarget section */
		CECA247F2A3B9B1D002EE7B5 /* ToDoList */ = {
			isa = PBXNativeTarget;
			buildConfigurationList = CECA24942A3B9B1E002EE7B5 /* Build configuration list for PBXNativeTarget "ToDoList" */;
			buildPhases = (
				CECA247C2A3B9B1D002EE7B5 /* Sources */,
				CECA247D2A3B9B1D002EE7B5 /* Frameworks */,
				CECA247E2A3B9B1D002EE7B5 /* Resources */,
			);
			buildRules = (
			);
			dependencies = (
			);
			name = ToDoList;
			productName = ToDoList;
			productReference = CECA24802A3B9B1D002EE7B5 /* ToDoList.app */;
			productType = "com.apple.product-type.application";
		};
		CECA249E2A3BEC88002EE7B5 /* TodoItemTests */ = {
			isa = PBXNativeTarget;
			buildConfigurationList = CECA24A52A3BEC88002EE7B5 /* Build configuration list for PBXNativeTarget "TodoItemTests" */;
			buildPhases = (
				CECA249B2A3BEC88002EE7B5 /* Sources */,
				CECA249C2A3BEC88002EE7B5 /* Frameworks */,
				CECA249D2A3BEC88002EE7B5 /* Resources */,
			);
			buildRules = (
			);
			dependencies = (
				CECA24A42A3BEC88002EE7B5 /* PBXTargetDependency */,
			);
			name = TodoItemTests;
			productName = TodoItemTests;
			productReference = CECA249F2A3BEC88002EE7B5 /* TodoItemTests.xctest */;
			productType = "com.apple.product-type.bundle.unit-test";
		};
/* End PBXNativeTarget section */

/* Begin PBXProject section */
		CECA24782A3B9B1D002EE7B5 /* Project object */ = {
			isa = PBXProject;
			attributes = {
				BuildIndependentTargetsInParallel = 1;
				LastSwiftUpdateCheck = 1420;
				LastUpgradeCheck = 1420;
				TargetAttributes = {
					CECA247F2A3B9B1D002EE7B5 = {
						CreatedOnToolsVersion = 14.2;
					};
					CECA249E2A3BEC88002EE7B5 = {
						CreatedOnToolsVersion = 14.2;
						TestTargetID = CECA247F2A3B9B1D002EE7B5;
					};
				};
			};
			buildConfigurationList = CECA247B2A3B9B1D002EE7B5 /* Build configuration list for PBXProject "ToDoList" */;
			compatibilityVersion = "Xcode 14.0";
			developmentRegion = en;
			hasScannedForEncodings = 0;
			knownRegions = (
				en,
				Base,
			);
			mainGroup = CECA24772A3B9B1D002EE7B5;
			productRefGroup = CECA24812A3B9B1D002EE7B5 /* Products */;
			projectDirPath = "";
			projectRoot = "";
			targets = (
				CECA247F2A3B9B1D002EE7B5 /* ToDoList */,
				CECA249E2A3BEC88002EE7B5 /* TodoItemTests */,
			);
		};
/* End PBXProject section */

/* Begin PBXResourcesBuildPhase section */
		CECA247E2A3B9B1D002EE7B5 /* Resources */ = {
			isa = PBXResourcesBuildPhase;
			buildActionMask = 2147483647;
			files = (
				CECA24902A3B9B1E002EE7B5 /* LaunchScreen.storyboard in Resources */,
				CECA248D2A3B9B1E002EE7B5 /* Assets.xcassets in Resources */,
			);
			runOnlyForDeploymentPostprocessing = 0;
		};
		CECA249D2A3BEC88002EE7B5 /* Resources */ = {
			isa = PBXResourcesBuildPhase;
			buildActionMask = 2147483647;
			files = (
			);
			runOnlyForDeploymentPostprocessing = 0;
		};
/* End PBXResourcesBuildPhase section */

/* Begin PBXSourcesBuildPhase section */
		CECA247C2A3B9B1D002EE7B5 /* Sources */ = {
			isa = PBXSourcesBuildPhase;
			buildActionMask = 2147483647;
			files = (
				CEDFC9602A45B29100F8531B /* TodoViewModelProtocol.swift in Sources */,
				CECA24882A3B9B1D002EE7B5 /* HomeViewController.swift in Sources */,
				CECA24842A3B9B1D002EE7B5 /* AppDelegate.swift in Sources */,
				CEDFC9642A45B46400F8531B /* FileCacheError.swift in Sources */,
				CEDFC9562A45B0CF00F8531B /* TodoModalViewController.swift in Sources */,
				CEDFC9622A45B2AE00F8531B /* FileCacheProtocol.swift in Sources */,
				CEDFC9542A45AF8800F8531B /* Images.swift in Sources */,
				CECA24982A3BA378002EE7B5 /* TodoItem.swift in Sources */,
				CE5C01E42A462668006E8463 /* ColorPickerViewController.swift in Sources */,
				CEDFC95E2A45B27C00F8531B /* Date+Extension.swift in Sources */,
				CEDFC9522A45AF5200F8531B /* Colors.swift in Sources */,
				CEDFC95A2A45B19400F8531B /* DeadlineView.swift in Sources */,
				CECA249A2A3BE1A9002EE7B5 /* FileCache.swift in Sources */,
				CECA24862A3B9B1D002EE7B5 /* SceneDelegate.swift in Sources */,
				CEDFC95C2A45B1B600F8531B /* TodoViewModel.swift in Sources */,
				CEDFC9582A45B12200F8531B /* ImportanceView.swift in Sources */,
			);
			runOnlyForDeploymentPostprocessing = 0;
		};
		CECA249B2A3BEC88002EE7B5 /* Sources */ = {
			isa = PBXSourcesBuildPhase;
			buildActionMask = 2147483647;
			files = (
				CECA24A92A3D3BBF002EE7B5 /* TodoItemJSONTests.swift in Sources */,
				CECA24A22A3BEC88002EE7B5 /* TodoItemCSVTests.swift in Sources */,
			);
			runOnlyForDeploymentPostprocessing = 0;
		};
/* End PBXSourcesBuildPhase section */

/* Begin PBXTargetDependency section */
		CECA24A42A3BEC88002EE7B5 /* PBXTargetDependency */ = {
			isa = PBXTargetDependency;
			target = CECA247F2A3B9B1D002EE7B5 /* ToDoList */;
			targetProxy = CECA24A32A3BEC88002EE7B5 /* PBXContainerItemProxy */;
		};
/* End PBXTargetDependency section */

/* Begin PBXVariantGroup section */
		CECA248E2A3B9B1E002EE7B5 /* LaunchScreen.storyboard */ = {
			isa = PBXVariantGroup;
			children = (
				CECA248F2A3B9B1E002EE7B5 /* Base */,
			);
			name = LaunchScreen.storyboard;
			sourceTree = "<group>";
		};
/* End PBXVariantGroup section */

/* Begin XCBuildConfiguration section */
		CECA24922A3B9B1E002EE7B5 /* Debug */ = {
			isa = XCBuildConfiguration;
			buildSettings = {
				ALWAYS_SEARCH_USER_PATHS = NO;
				CLANG_ANALYZER_NONNULL = YES;
				CLANG_ANALYZER_NUMBER_OBJECT_CONVERSION = YES_AGGRESSIVE;
				CLANG_CXX_LANGUAGE_STANDARD = "gnu++20";
				CLANG_ENABLE_MODULES = YES;
				CLANG_ENABLE_OBJC_ARC = YES;
				CLANG_ENABLE_OBJC_WEAK = YES;
				CLANG_WARN_BLOCK_CAPTURE_AUTORELEASING = YES;
				CLANG_WARN_BOOL_CONVERSION = YES;
				CLANG_WARN_COMMA = YES;
				CLANG_WARN_CONSTANT_CONVERSION = YES;
				CLANG_WARN_DEPRECATED_OBJC_IMPLEMENTATIONS = YES;
				CLANG_WARN_DIRECT_OBJC_ISA_USAGE = YES_ERROR;
				CLANG_WARN_DOCUMENTATION_COMMENTS = YES;
				CLANG_WARN_EMPTY_BODY = YES;
				CLANG_WARN_ENUM_CONVERSION = YES;
				CLANG_WARN_INFINITE_RECURSION = YES;
				CLANG_WARN_INT_CONVERSION = YES;
				CLANG_WARN_NON_LITERAL_NULL_CONVERSION = YES;
				CLANG_WARN_OBJC_IMPLICIT_RETAIN_SELF = YES;
				CLANG_WARN_OBJC_LITERAL_CONVERSION = YES;
				CLANG_WARN_OBJC_ROOT_CLASS = YES_ERROR;
				CLANG_WARN_QUOTED_INCLUDE_IN_FRAMEWORK_HEADER = YES;
				CLANG_WARN_RANGE_LOOP_ANALYSIS = YES;
				CLANG_WARN_STRICT_PROTOTYPES = YES;
				CLANG_WARN_SUSPICIOUS_MOVE = YES;
				CLANG_WARN_UNGUARDED_AVAILABILITY = YES_AGGRESSIVE;
				CLANG_WARN_UNREACHABLE_CODE = YES;
				CLANG_WARN__DUPLICATE_METHOD_MATCH = YES;
				COPY_PHASE_STRIP = NO;
				DEBUG_INFORMATION_FORMAT = dwarf;
				ENABLE_STRICT_OBJC_MSGSEND = YES;
				ENABLE_TESTABILITY = YES;
				GCC_C_LANGUAGE_STANDARD = gnu11;
				GCC_DYNAMIC_NO_PIC = NO;
				GCC_NO_COMMON_BLOCKS = YES;
				GCC_OPTIMIZATION_LEVEL = 0;
				GCC_PREPROCESSOR_DEFINITIONS = (
					"DEBUG=1",
					"$(inherited)",
				);
				GCC_WARN_64_TO_32_BIT_CONVERSION = YES;
				GCC_WARN_ABOUT_RETURN_TYPE = YES_ERROR;
				GCC_WARN_UNDECLARED_SELECTOR = YES;
				GCC_WARN_UNINITIALIZED_AUTOS = YES_AGGRESSIVE;
				GCC_WARN_UNUSED_FUNCTION = YES;
				GCC_WARN_UNUSED_VARIABLE = YES;
				IPHONEOS_DEPLOYMENT_TARGET = 16.2;
				MTL_ENABLE_DEBUG_INFO = INCLUDE_SOURCE;
				MTL_FAST_MATH = YES;
				ONLY_ACTIVE_ARCH = YES;
				SDKROOT = iphoneos;
				SWIFT_ACTIVE_COMPILATION_CONDITIONS = DEBUG;
				SWIFT_OPTIMIZATION_LEVEL = "-Onone";
			};
			name = Debug;
		};
		CECA24932A3B9B1E002EE7B5 /* Release */ = {
			isa = XCBuildConfiguration;
			buildSettings = {
				ALWAYS_SEARCH_USER_PATHS = NO;
				CLANG_ANALYZER_NONNULL = YES;
				CLANG_ANALYZER_NUMBER_OBJECT_CONVERSION = YES_AGGRESSIVE;
				CLANG_CXX_LANGUAGE_STANDARD = "gnu++20";
				CLANG_ENABLE_MODULES = YES;
				CLANG_ENABLE_OBJC_ARC = YES;
				CLANG_ENABLE_OBJC_WEAK = YES;
				CLANG_WARN_BLOCK_CAPTURE_AUTORELEASING = YES;
				CLANG_WARN_BOOL_CONVERSION = YES;
				CLANG_WARN_COMMA = YES;
				CLANG_WARN_CONSTANT_CONVERSION = YES;
				CLANG_WARN_DEPRECATED_OBJC_IMPLEMENTATIONS = YES;
				CLANG_WARN_DIRECT_OBJC_ISA_USAGE = YES_ERROR;
				CLANG_WARN_DOCUMENTATION_COMMENTS = YES;
				CLANG_WARN_EMPTY_BODY = YES;
				CLANG_WARN_ENUM_CONVERSION = YES;
				CLANG_WARN_INFINITE_RECURSION = YES;
				CLANG_WARN_INT_CONVERSION = YES;
				CLANG_WARN_NON_LITERAL_NULL_CONVERSION = YES;
				CLANG_WARN_OBJC_IMPLICIT_RETAIN_SELF = YES;
				CLANG_WARN_OBJC_LITERAL_CONVERSION = YES;
				CLANG_WARN_OBJC_ROOT_CLASS = YES_ERROR;
				CLANG_WARN_QUOTED_INCLUDE_IN_FRAMEWORK_HEADER = YES;
				CLANG_WARN_RANGE_LOOP_ANALYSIS = YES;
				CLANG_WARN_STRICT_PROTOTYPES = YES;
				CLANG_WARN_SUSPICIOUS_MOVE = YES;
				CLANG_WARN_UNGUARDED_AVAILABILITY = YES_AGGRESSIVE;
				CLANG_WARN_UNREACHABLE_CODE = YES;
				CLANG_WARN__DUPLICATE_METHOD_MATCH = YES;
				COPY_PHASE_STRIP = NO;
				DEBUG_INFORMATION_FORMAT = "dwarf-with-dsym";
				ENABLE_NS_ASSERTIONS = NO;
				ENABLE_STRICT_OBJC_MSGSEND = YES;
				GCC_C_LANGUAGE_STANDARD = gnu11;
				GCC_NO_COMMON_BLOCKS = YES;
				GCC_WARN_64_TO_32_BIT_CONVERSION = YES;
				GCC_WARN_ABOUT_RETURN_TYPE = YES_ERROR;
				GCC_WARN_UNDECLARED_SELECTOR = YES;
				GCC_WARN_UNINITIALIZED_AUTOS = YES_AGGRESSIVE;
				GCC_WARN_UNUSED_FUNCTION = YES;
				GCC_WARN_UNUSED_VARIABLE = YES;
				IPHONEOS_DEPLOYMENT_TARGET = 16.2;
				MTL_ENABLE_DEBUG_INFO = NO;
				MTL_FAST_MATH = YES;
				SDKROOT = iphoneos;
				SWIFT_COMPILATION_MODE = wholemodule;
				SWIFT_OPTIMIZATION_LEVEL = "-O";
				VALIDATE_PRODUCT = YES;
			};
			name = Release;
		};
		CECA24952A3B9B1E002EE7B5 /* Debug */ = {
			isa = XCBuildConfiguration;
			buildSettings = {
				ASSETCATALOG_COMPILER_APPICON_NAME = AppIcon;
				ASSETCATALOG_COMPILER_GLOBAL_ACCENT_COLOR_NAME = AccentColor;
				CODE_SIGN_STYLE = Automatic;
				CURRENT_PROJECT_VERSION = 1;
				DEVELOPMENT_TEAM = 2XTS5VKE3A;
				GENERATE_INFOPLIST_FILE = YES;
				INFOPLIST_FILE = ToDoList/Info.plist;
				INFOPLIST_KEY_UIApplicationSupportsIndirectInputEvents = YES;
				INFOPLIST_KEY_UILaunchStoryboardName = LaunchScreen;
				INFOPLIST_KEY_UISupportedInterfaceOrientations_iPad = "UIInterfaceOrientationPortrait UIInterfaceOrientationPortraitUpsideDown UIInterfaceOrientationLandscapeLeft UIInterfaceOrientationLandscapeRight";
				INFOPLIST_KEY_UISupportedInterfaceOrientations_iPhone = "UIInterfaceOrientationPortrait UIInterfaceOrientationLandscapeLeft UIInterfaceOrientationLandscapeRight";
				LD_RUNPATH_SEARCH_PATHS = (
					"$(inherited)",
					"@executable_path/Frameworks",
				);
				MARKETING_VERSION = 1.0;
				PRODUCT_BUNDLE_IDENTIFIER = ivan.vislov.ToDoList;
				PRODUCT_NAME = "$(TARGET_NAME)";
				SWIFT_EMIT_LOC_STRINGS = YES;
				SWIFT_VERSION = 5.0;
				TARGETED_DEVICE_FAMILY = "1,2";
			};
			name = Debug;
		};
		CECA24962A3B9B1E002EE7B5 /* Release */ = {
			isa = XCBuildConfiguration;
			buildSettings = {
				ASSETCATALOG_COMPILER_APPICON_NAME = AppIcon;
				ASSETCATALOG_COMPILER_GLOBAL_ACCENT_COLOR_NAME = AccentColor;
				CODE_SIGN_STYLE = Automatic;
				CURRENT_PROJECT_VERSION = 1;
				DEVELOPMENT_TEAM = 2XTS5VKE3A;
				GENERATE_INFOPLIST_FILE = YES;
				INFOPLIST_FILE = ToDoList/Info.plist;
				INFOPLIST_KEY_UIApplicationSupportsIndirectInputEvents = YES;
				INFOPLIST_KEY_UILaunchStoryboardName = LaunchScreen;
				INFOPLIST_KEY_UISupportedInterfaceOrientations_iPad = "UIInterfaceOrientationPortrait UIInterfaceOrientationPortraitUpsideDown UIInterfaceOrientationLandscapeLeft UIInterfaceOrientationLandscapeRight";
				INFOPLIST_KEY_UISupportedInterfaceOrientations_iPhone = "UIInterfaceOrientationPortrait UIInterfaceOrientationLandscapeLeft UIInterfaceOrientationLandscapeRight";
				LD_RUNPATH_SEARCH_PATHS = (
					"$(inherited)",
					"@executable_path/Frameworks",
				);
				MARKETING_VERSION = 1.0;
				PRODUCT_BUNDLE_IDENTIFIER = ivan.vislov.ToDoList;
				PRODUCT_NAME = "$(TARGET_NAME)";
				SWIFT_EMIT_LOC_STRINGS = YES;
				SWIFT_VERSION = 5.0;
				TARGETED_DEVICE_FAMILY = "1,2";
			};
			name = Release;
		};
		CECA24A62A3BEC88002EE7B5 /* Debug */ = {
			isa = XCBuildConfiguration;
			buildSettings = {
				BUNDLE_LOADER = "$(TEST_HOST)";
				CODE_SIGN_STYLE = Automatic;
				CURRENT_PROJECT_VERSION = 1;
				DEVELOPMENT_TEAM = 2XTS5VKE3A;
				GENERATE_INFOPLIST_FILE = YES;
				IPHONEOS_DEPLOYMENT_TARGET = 16.2;
				MACOSX_DEPLOYMENT_TARGET = 13.1;
				MARKETING_VERSION = 1.0;
				PRODUCT_BUNDLE_IDENTIFIER = ivan.vislov.TodoItemTests;
				PRODUCT_NAME = "$(TARGET_NAME)";
				SDKROOT = auto;
				SUPPORTED_PLATFORMS = "iphoneos iphonesimulator macosx";
				SWIFT_EMIT_LOC_STRINGS = NO;
				SWIFT_VERSION = 5.0;
				TARGETED_DEVICE_FAMILY = "1,2";
				TEST_HOST = "$(BUILT_PRODUCTS_DIR)/ToDoList.app/$(BUNDLE_EXECUTABLE_FOLDER_PATH)/ToDoList";
			};
			name = Debug;
		};
		CECA24A72A3BEC88002EE7B5 /* Release */ = {
			isa = XCBuildConfiguration;
			buildSettings = {
				BUNDLE_LOADER = "$(TEST_HOST)";
				CODE_SIGN_STYLE = Automatic;
				CURRENT_PROJECT_VERSION = 1;
				DEVELOPMENT_TEAM = 2XTS5VKE3A;
				GENERATE_INFOPLIST_FILE = YES;
				IPHONEOS_DEPLOYMENT_TARGET = 16.2;
				MACOSX_DEPLOYMENT_TARGET = 13.1;
				MARKETING_VERSION = 1.0;
				PRODUCT_BUNDLE_IDENTIFIER = ivan.vislov.TodoItemTests;
				PRODUCT_NAME = "$(TARGET_NAME)";
				SDKROOT = auto;
				SUPPORTED_PLATFORMS = "iphoneos iphonesimulator macosx";
				SWIFT_EMIT_LOC_STRINGS = NO;
				SWIFT_VERSION = 5.0;
				TARGETED_DEVICE_FAMILY = "1,2";
				TEST_HOST = "$(BUILT_PRODUCTS_DIR)/ToDoList.app/$(BUNDLE_EXECUTABLE_FOLDER_PATH)/ToDoList";
			};
			name = Release;
		};
/* End XCBuildConfiguration section */

/* Begin XCConfigurationList section */
		CECA247B2A3B9B1D002EE7B5 /* Build configuration list for PBXProject "ToDoList" */ = {
			isa = XCConfigurationList;
			buildConfigurations = (
				CECA24922A3B9B1E002EE7B5 /* Debug */,
				CECA24932A3B9B1E002EE7B5 /* Release */,
			);
			defaultConfigurationIsVisible = 0;
			defaultConfigurationName = Release;
		};
		CECA24942A3B9B1E002EE7B5 /* Build configuration list for PBXNativeTarget "ToDoList" */ = {
			isa = XCConfigurationList;
			buildConfigurations = (
				CECA24952A3B9B1E002EE7B5 /* Debug */,
				CECA24962A3B9B1E002EE7B5 /* Release */,
			);
			defaultConfigurationIsVisible = 0;
			defaultConfigurationName = Release;
		};
		CECA24A52A3BEC88002EE7B5 /* Build configuration list for PBXNativeTarget "TodoItemTests" */ = {
			isa = XCConfigurationList;
			buildConfigurations = (
				CECA24A62A3BEC88002EE7B5 /* Debug */,
				CECA24A72A3BEC88002EE7B5 /* Release */,
			);
			defaultConfigurationIsVisible = 0;
			defaultConfigurationName = Release;
		};
/* End XCConfigurationList section */
	};
	rootObject = CECA24782A3B9B1D002EE7B5 /* Project object */;
}
